
Microsoft Visual Studio Solution File, Format Version 12.00
# Visual Studio Version 17
VisualStudioVersion = 17.13.35818.85 d17.13
MinimumVisualStudioVersion = 10.0.40219.1
Project("{FAE04EC0-301F-11D3-BF4B-00C04F79EFBC}") = "BankingApp.APi", "..\BankingApp.APi\BankingApp.APi.csproj", "{F7A0B933-6C51-41BF-8740-809DF0F8472A}"
EndProject
Project("{FAE04EC0-301F-11D3-BF4B-00C04F79EFBC}") = "BankingApp.Application", "..\BankingApp.Application\BankingApp.Application.csproj", "{4AD9D298-035A-4AFE-BABD-F237D83FA9B2}"
EndProject
Project("{FAE04EC0-301F-11D3-BF4B-00C04F79EFBC}") = "BankingApp.Domain", "..\BankingApp.Domain\BankingApp.Domain.csproj", "{8004280C-3542-4665-A0AB-3117C1C5B1DF}"
EndProject
Project("{FAE04EC0-301F-11D3-BF4B-00C04F79EFBC}") = "BankingApp.Infrastructure", "..\BankingApp.Infrastructure\BankingApp.Infrastructure.csproj", "{499E5E38-51E4-47BD-A0D2-7810964BC4B3}"
EndProject
Project("{FAE04EC0-301F-11D3-BF4B-00C04F79EFBC}") = "BankingApp.Shared", "..\BankingApp.Shared\BankingApp.Shared.csproj", "{DF97070A-7A08-4A16-96C9-6E35D7D5FD7E}"
EndProject
Global
	GlobalSection(SolutionConfigurationPlatforms) = preSolution
		Debug|Any CPU = Debug|Any CPU
		Release|Any CPU = Release|Any CPU
	EndGlobalSection
	GlobalSection(ProjectConfigurationPlatforms) = postSolution
		{F7A0B933-6C51-41BF-8740-809DF0F8472A}.Debug|Any CPU.ActiveCfg = Debug|Any CPU
		{F7A0B933-6C51-41BF-8740-809DF0F8472A}.Debug|Any CPU.Build.0 = Debug|Any CPU
		{F7A0B933-6C51-41BF-8740-809DF0F8472A}.Release|Any CPU.ActiveCfg = Release|Any CPU
		{F7A0B933-6C51-41BF-8740-809DF0F8472A}.Release|Any CPU.Build.0 = Release|Any CPU
		{4AD9D298-035A-4AFE-BABD-F237D83FA9B2}.Debug|Any CPU.ActiveCfg = Debug|Any CPU
		{4AD9D298-035A-4AFE-BABD-F237D83FA9B2}.Debug|Any CPU.Build.0 = Debug|Any CPU
		{4AD9D298-035A-4AFE-BABD-F237D83FA9B2}.Release|Any CPU.ActiveCfg = Release|Any CPU
		{4AD9D298-035A-4AFE-BABD-F237D83FA9B2}.Release|Any CPU.Build.0 = Release|Any CPU
		{8004280C-3542-4665-A0AB-3117C1C5B1DF}.Debug|Any CPU.ActiveCfg = Debug|Any CPU
		{8004280C-3542-4665-A0AB-3117C1C5B1DF}.Debug|Any CPU.Build.0 = Debug|Any CPU
		{8004280C-3542-4665-A0AB-3117C1C5B1DF}.Release|Any CPU.ActiveCfg = Release|Any CPU
		{8004280C-3542-4665-A0AB-3117C1C5B1DF}.Release|Any CPU.Build.0 = Release|Any CPU
		{499E5E38-51E4-47BD-A0D2-7810964BC4B3}.Debug|Any CPU.ActiveCfg = Debug|Any CPU
		{499E5E38-51E4-47BD-A0D2-7810964BC4B3}.Debug|Any CPU.Build.0 = Debug|Any CPU
		{499E5E38-51E4-47BD-A0D2-7810964BC4B3}.Release|Any CPU.ActiveCfg = Release|Any CPU
		{499E5E38-51E4-47BD-A0D2-7810964BC4B3}.Release|Any CPU.Build.0 = Release|Any CPU
		{DF97070A-7A08-4A16-96C9-6E35D7D5FD7E}.Debug|Any CPU.ActiveCfg = Debug|Any CPU
		{DF97070A-7A08-4A16-96C9-6E35D7D5FD7E}.Debug|Any CPU.Build.0 = Debug|Any CPU
		{DF97070A-7A08-4A16-96C9-6E35D7D5FD7E}.Release|Any CPU.ActiveCfg = Release|Any CPU
		{DF97070A-7A08-4A16-96C9-6E35D7D5FD7E}.Release|Any CPU.Build.0 = Release|Any CPU
	EndGlobalSection
	GlobalSection(SolutionProperties) = preSolution
		HideSolutionNode = FALSE
	EndGlobalSection
	GlobalSection(ExtensibilityGlobals) = postSolution
		SolutionGuid = {4FE7A77C-3387-4A5C-BD4C-62B283E75E0B}
	EndGlobalSection
EndGlobal
